
Microsoft Visual Studio Solution File, Format Version 12.00
# Visual Studio Version 16
VisualStudioVersion = 16.0.30523.141
MinimumVisualStudioVersion = 10.0.40219.1
Project("{FAE04EC0-301F-11D3-BF4B-00C04F79EFBC}") = "calculator", "calculator\calculator.csproj", "{88BB83E3-2C36-45DD-89F9-7635BDDB4AAC}"
EndProject
Project("{FAE04EC0-301F-11D3-BF4B-00C04F79EFBC}") = "test_calc", "test_calc\test_calc.csproj", "{7F8FE388-7472-4742-AB38-A46C1AF8BD15}"
EndProject
Project("{2150E333-8FDC-42A3-9474-1A3956D46DE8}") = "Solution Items", "Solution Items", "{EF1DC846-3BF9-4EE3-8A9A-4DE9F0587B9B}"
	ProjectSection(SolutionItems) = preProject
		README.md = README.md
	EndProjectSection
EndProject
Global
	GlobalSection(SolutionConfigurationPlatforms) = preSolution
		Debug|Any CPU = Debug|Any CPU
		Release|Any CPU = Release|Any CPU
	EndGlobalSection
	GlobalSection(ProjectConfigurationPlatforms) = postSolution
		{88BB83E3-2C36-45DD-89F9-7635BDDB4AAC}.Debug|Any CPU.ActiveCfg = Debug|Any CPU
		{88BB83E3-2C36-45DD-89F9-7635BDDB4AAC}.Debug|Any CPU.Build.0 = Debug|Any CPU
		{88BB83E3-2C36-45DD-89F9-7635BDDB4AAC}.Release|Any CPU.ActiveCfg = Release|Any CPU
		{88BB83E3-2C36-45DD-89F9-7635BDDB4AAC}.Release|Any CPU.Build.0 = Release|Any CPU
		{7F8FE388-7472-4742-AB38-A46C1AF8BD15}.Debug|Any CPU.ActiveCfg = Debug|Any CPU
		{7F8FE388-7472-4742-AB38-A46C1AF8BD15}.Debug|Any CPU.Build.0 = Debug|Any CPU
		{7F8FE388-7472-4742-AB38-A46C1AF8BD15}.Release|Any CPU.ActiveCfg = Release|Any CPU
		{7F8FE388-7472-4742-AB38-A46C1AF8BD15}.Release|Any CPU.Build.0 = Release|Any CPU
	EndGlobalSection
	GlobalSection(SolutionProperties) = preSolution
		HideSolutionNode = FALSE
	EndGlobalSection
	GlobalSection(ExtensibilityGlobals) = postSolution
		SolutionGuid = {26F78E8C-6D79-4FEC-84EC-85CB1428FC66}
	EndGlobalSection
EndGlobal
